
Microsoft Visual Studio Solution File, Format Version 12.00
# Visual Studio Version 16
VisualStudioVersion = 16.0.30309.148
MinimumVisualStudioVersion = 10.0.40219.1
Project("{FAE04EC0-301F-11D3-BF4B-00C04F79EFBC}") = "TrocaDeValores", "TrocaDeValores\TrocaDeValores.csproj", "{44D32A2E-9231-4439-845A-2A6BB5A7C739}"
EndProject
Project("{FAE04EC0-301F-11D3-BF4B-00C04F79EFBC}") = "RestoDaDivisao", "RestoDaDivisao\RestoDaDivisao.csproj", "{1B90CE94-AB45-474E-9F09-B2FDB4516123}"
EndProject
Project("{FAE04EC0-301F-11D3-BF4B-00C04F79EFBC}") = "GastoEmRestaurante", "GastoEmRestaurante\GastoEmRestaurante.csproj", "{BCBFF3DA-0353-4720-B90B-3CB761AB689C}"
EndProject
Project("{FAE04EC0-301F-11D3-BF4B-00C04F79EFBC}") = "MatriculaAluno", "MatriculaAluno\MatriculaAluno.csproj", "{37B64889-A77D-494B-B845-5F333965FF94}"
EndProject
Global
	GlobalSection(SolutionConfigurationPlatforms) = preSolution
		Debug|Any CPU = Debug|Any CPU
		Release|Any CPU = Release|Any CPU
	EndGlobalSection
	GlobalSection(ProjectConfigurationPlatforms) = postSolution
		{44D32A2E-9231-4439-845A-2A6BB5A7C739}.Debug|Any CPU.ActiveCfg = Debug|Any CPU
		{44D32A2E-9231-4439-845A-2A6BB5A7C739}.Debug|Any CPU.Build.0 = Debug|Any CPU
		{44D32A2E-9231-4439-845A-2A6BB5A7C739}.Release|Any CPU.ActiveCfg = Release|Any CPU
		{44D32A2E-9231-4439-845A-2A6BB5A7C739}.Release|Any CPU.Build.0 = Release|Any CPU
		{1B90CE94-AB45-474E-9F09-B2FDB4516123}.Debug|Any CPU.ActiveCfg = Debug|Any CPU
		{1B90CE94-AB45-474E-9F09-B2FDB4516123}.Debug|Any CPU.Build.0 = Debug|Any CPU
		{1B90CE94-AB45-474E-9F09-B2FDB4516123}.Release|Any CPU.ActiveCfg = Release|Any CPU
		{1B90CE94-AB45-474E-9F09-B2FDB4516123}.Release|Any CPU.Build.0 = Release|Any CPU
		{BCBFF3DA-0353-4720-B90B-3CB761AB689C}.Debug|Any CPU.ActiveCfg = Debug|Any CPU
		{BCBFF3DA-0353-4720-B90B-3CB761AB689C}.Debug|Any CPU.Build.0 = Debug|Any CPU
		{BCBFF3DA-0353-4720-B90B-3CB761AB689C}.Release|Any CPU.ActiveCfg = Release|Any CPU
		{BCBFF3DA-0353-4720-B90B-3CB761AB689C}.Release|Any CPU.Build.0 = Release|Any CPU
		{37B64889-A77D-494B-B845-5F333965FF94}.Debug|Any CPU.ActiveCfg = Debug|Any CPU
		{37B64889-A77D-494B-B845-5F333965FF94}.Debug|Any CPU.Build.0 = Debug|Any CPU
		{37B64889-A77D-494B-B845-5F333965FF94}.Release|Any CPU.ActiveCfg = Release|Any CPU
		{37B64889-A77D-494B-B845-5F333965FF94}.Release|Any CPU.Build.0 = Release|Any CPU
	EndGlobalSection
	GlobalSection(SolutionProperties) = preSolution
		HideSolutionNode = FALSE
	EndGlobalSection
	GlobalSection(ExtensibilityGlobals) = postSolution
		SolutionGuid = {000E056E-D88D-4D11-9F16-9D478B123AD4}
	EndGlobalSection
EndGlobal
